
Microsoft Visual Studio Solution File, Format Version 12.00
# Visual Studio 15
VisualStudioVersion = 15.0.27130.2010
MinimumVisualStudioVersion = 10.0.40219.1
Project("{FAE04EC0-301F-11D3-BF4B-00C04F79EFBC}") = "WebApplication1", "WebApplication1\WebApplication1.csproj", "{574DD175-E218-46E8-A323-8D08F4CBFF5A}"
EndProject
Global
	GlobalSection(SolutionConfigurationPlatforms) = preSolution
		Debug|Any CPU = Debug|Any CPU
		Release|Any CPU = Release|Any CPU
	EndGlobalSection
	GlobalSection(ProjectConfigurationPlatforms) = postSolution
		{574DD175-E218-46E8-A323-8D08F4CBFF5A}.Debug|Any CPU.ActiveCfg = Debug|Any CPU
		{574DD175-E218-46E8-A323-8D08F4CBFF5A}.Debug|Any CPU.Build.0 = Debug|Any CPU
		{574DD175-E218-46E8-A323-8D08F4CBFF5A}.Release|Any CPU.ActiveCfg = Release|Any CPU
		{574DD175-E218-46E8-A323-8D08F4CBFF5A}.Release|Any CPU.Build.0 = Release|Any CPU
	EndGlobalSection
	GlobalSection(SolutionProperties) = preSolution
		HideSolutionNode = FALSE
	EndGlobalSection
	GlobalSection(ExtensibilityGlobals) = postSolution
		SolutionGuid = {C1D04151-86E1-4B3D-8F9B-5FC3B8FF62EB}
	EndGlobalSection
EndGlobal
